
Microsoft Visual Studio Solution File, Format Version 12.00
# Visual Studio Version 17
VisualStudioVersion = 17.9.34728.123
MinimumVisualStudioVersion = 10.0.40219.1
Project("{FAE04EC0-301F-11D3-BF4B-00C04F79EFBC}") = "Simple_Calculator", "Simple_Calculator.csproj", "{48E61A07-9028-42A1-87DE-E47360F8035A}"
EndProject
Global
	GlobalSection(SolutionConfigurationPlatforms) = preSolution
		Debug|Any CPU = Debug|Any CPU
		Release|Any CPU = Release|Any CPU
	EndGlobalSection
	GlobalSection(ProjectConfigurationPlatforms) = postSolution
		{48E61A07-9028-42A1-87DE-E47360F8035A}.Debug|Any CPU.ActiveCfg = Debug|Any CPU
		{48E61A07-9028-42A1-87DE-E47360F8035A}.Debug|Any CPU.Build.0 = Debug|Any CPU
		{48E61A07-9028-42A1-87DE-E47360F8035A}.Release|Any CPU.ActiveCfg = Release|Any CPU
		{48E61A07-9028-42A1-87DE-E47360F8035A}.Release|Any CPU.Build.0 = Release|Any CPU
	EndGlobalSection
	GlobalSection(SolutionProperties) = preSolution
		HideSolutionNode = FALSE
	EndGlobalSection
	GlobalSection(ExtensibilityGlobals) = postSolution
		SolutionGuid = {58181C48-2458-4BD6-B670-024476C53EC3}
	EndGlobalSection
EndGlobal
